
Microsoft Visual Studio Solution File, Format Version 12.00
# Visual Studio Version 17
VisualStudioVersion = 17.9.34728.123
MinimumVisualStudioVersion = 10.0.40219.1
Project("{9A19103F-16F7-4668-BE54-9A1E7A4F7556}") = "HRMS", "HRMS.csproj", "{B7005E14-D7CB-44A2-AB4F-011F7BBF36FF}"
EndProject
Global
	GlobalSection(SolutionConfigurationPlatforms) = preSolution
		Debug|Any CPU = Debug|Any CPU
		Release|Any CPU = Release|Any CPU
	EndGlobalSection
	GlobalSection(ProjectConfigurationPlatforms) = postSolution
		{B7005E14-D7CB-44A2-AB4F-011F7BBF36FF}.Debug|Any CPU.ActiveCfg = Debug|Any CPU
		{B7005E14-D7CB-44A2-AB4F-011F7BBF36FF}.Debug|Any CPU.Build.0 = Debug|Any CPU
		{B7005E14-D7CB-44A2-AB4F-011F7BBF36FF}.Release|Any CPU.ActiveCfg = Release|Any CPU
		{B7005E14-D7CB-44A2-AB4F-011F7BBF36FF}.Release|Any CPU.Build.0 = Release|Any CPU
	EndGlobalSection
	GlobalSection(SolutionProperties) = preSolution
		HideSolutionNode = FALSE
	EndGlobalSection
	GlobalSection(ExtensibilityGlobals) = postSolution
		SolutionGuid = {5754293F-03D6-4E54-9E81-F584AD54C823}
	EndGlobalSection
EndGlobal
