
Microsoft Visual Studio Solution File, Format Version 12.00
# Visual Studio Version 17
VisualStudioVersion = 17.9.34728.123
MinimumVisualStudioVersion = 10.0.40219.1
Project("{9A19103F-16F7-4668-BE54-9A1E7A4F7556}") = "HRMS API", "HRMS API.csproj", "{191EF5EE-2F32-4B01-AFBE-CDBC7EB6CADD}"
EndProject
Global
	GlobalSection(SolutionConfigurationPlatforms) = preSolution
		Debug|Any CPU = Debug|Any CPU
		Release|Any CPU = Release|Any CPU
	EndGlobalSection
	GlobalSection(ProjectConfigurationPlatforms) = postSolution
		{191EF5EE-2F32-4B01-AFBE-CDBC7EB6CADD}.Debug|Any CPU.ActiveCfg = Debug|Any CPU
		{191EF5EE-2F32-4B01-AFBE-CDBC7EB6CADD}.Debug|Any CPU.Build.0 = Debug|Any CPU
		{191EF5EE-2F32-4B01-AFBE-CDBC7EB6CADD}.Release|Any CPU.ActiveCfg = Release|Any CPU
		{191EF5EE-2F32-4B01-AFBE-CDBC7EB6CADD}.Release|Any CPU.Build.0 = Release|Any CPU
	EndGlobalSection
	GlobalSection(SolutionProperties) = preSolution
		HideSolutionNode = FALSE
	EndGlobalSection
	GlobalSection(ExtensibilityGlobals) = postSolution
		SolutionGuid = {8133BD4D-3974-46D4-A978-32909AB69322}
	EndGlobalSection
EndGlobal
